
Microsoft Visual Studio Solution File, Format Version 12.00
# Visual Studio Version 16
VisualStudioVersion = 16.0.29318.209
MinimumVisualStudioVersion = 10.0.40219.1
Project("{2150E333-8FDC-42A3-9474-1A3956D46DE8}") = "Microservices", "Microservices", "{34C3CE2F-598A-4DA0-B5E3-9A71C462B6F6}"
EndProject
Project("{2150E333-8FDC-42A3-9474-1A3956D46DE8}") = "Domain", "Domain", "{C973FE77-C105-40BB-B47B-1935DA936B6A}"
EndProject
Project("{2150E333-8FDC-42A3-9474-1A3956D46DE8}") = "Infra.Bus", "Infra.Bus", "{014C0572-142C-47E8-94BF-82F09B5E1CD5}"
EndProject
Project("{2150E333-8FDC-42A3-9474-1A3956D46DE8}") = "Infra.IoC", "Infra.IoC", "{8A08B66B-3F13-4738-A034-F3F57A881D58}"
EndProject
Project("{2150E333-8FDC-42A3-9474-1A3956D46DE8}") = "Presentation", "Presentation", "{5FF3ECC9-F085-4E1D-8072-28994A107548}"
EndProject
Project("{9A19103F-16F7-4668-BE54-9A1E7A4F7556}") = "MicroRabbit.Domain.Core", "MicroRabbit.Domain.Core\MicroRabbit.Domain.Core.csproj", "{023E387E-FEE4-4AAE-AFE0-031BECAEA23F}"
EndProject
Project("{9A19103F-16F7-4668-BE54-9A1E7A4F7556}") = "MicroRabbit.Infra.Bus", "MicroRabbit.Infra.Bus\MicroRabbit.Infra.Bus.csproj", "{4E288A1B-CE94-42CC-BD2F-FC6D260A27D1}"
EndProject
Project("{9A19103F-16F7-4668-BE54-9A1E7A4F7556}") = "MicroRabbit.Infra.IoC", "MicroRabbit.Infra.IoC\MicroRabbit.Infra.IoC.csproj", "{158D4D31-5BD9-4D0B-9F82-B1D31C9F45EC}"
EndProject
Project("{2150E333-8FDC-42A3-9474-1A3956D46DE8}") = "Banking", "Banking", "{777F9192-EF74-411F-80CF-ABF016BDEAFC}"
EndProject
Project("{2150E333-8FDC-42A3-9474-1A3956D46DE8}") = "Api", "Api", "{1732659D-7A21-4F22-8AEC-5071C52A4ABA}"
EndProject
Project("{2150E333-8FDC-42A3-9474-1A3956D46DE8}") = "Domain", "Domain", "{8DAFFD2D-269D-41F1-9A2E-109172A7C612}"
EndProject
Project("{2150E333-8FDC-42A3-9474-1A3956D46DE8}") = "Application", "Application", "{34DE3C43-BECD-4B13-9F24-72DF98959EAF}"
EndProject
Project("{2150E333-8FDC-42A3-9474-1A3956D46DE8}") = "Data", "Data", "{0DE41656-B1B2-451F-AE2F-E9742738EA3B}"
EndProject
Project("{9A19103F-16F7-4668-BE54-9A1E7A4F7556}") = "MicroRabbit.Banking.Api", "MicroRabbit.Banking.Api\MicroRabbit.Banking.Api.csproj", "{B507A2B7-D47F-4492-B526-A12BE2991677}"
EndProject
Project("{9A19103F-16F7-4668-BE54-9A1E7A4F7556}") = "MicroRabbit.Banking.Application", "MicroRabbit.Banking.Application\MicroRabbit.Banking.Application.csproj", "{A06A35F9-BC83-4D14-ABBC-83214D45FA1C}"
EndProject
Project("{9A19103F-16F7-4668-BE54-9A1E7A4F7556}") = "MicroRabbit.Banking.Data", "MicroRabbit.Banking.Data\MicroRabbit.Banking.Data.csproj", "{189ADBB7-D9DD-4D5E-B43C-EC49043319C0}"
EndProject
Project("{9A19103F-16F7-4668-BE54-9A1E7A4F7556}") = "MicroRabbit.Banking.Domain", "MicroRabbit.Banking.Domain\MicroRabbit.Banking.Domain.csproj", "{4365773F-3270-4D0B-8DFB-639CB7D58B24}"
EndProject
Project("{2150E333-8FDC-42A3-9474-1A3956D46DE8}") = "Transfer", "Transfer", "{C2242149-60EB-4911-9786-C737505B96E5}"
EndProject
Project("{2150E333-8FDC-42A3-9474-1A3956D46DE8}") = "Api", "Api", "{69F1D854-5BE4-4AD5-A18F-F3D340C8BB31}"
EndProject
Project("{2150E333-8FDC-42A3-9474-1A3956D46DE8}") = "Application", "Application", "{26D2DF93-0AC3-4A90-9F3D-FE29C34EB04E}"
EndProject
Project("{2150E333-8FDC-42A3-9474-1A3956D46DE8}") = "Data", "Data", "{2C50AA8F-A154-4251-836D-0499E39D0151}"
EndProject
Project("{2150E333-8FDC-42A3-9474-1A3956D46DE8}") = "Domain", "Domain", "{92599D2E-4126-40AB-A750-8175C82778D7}"
EndProject
Project("{FAE04EC0-301F-11D3-BF4B-00C04F79EFBC}") = "Microrabbit.Transfer.Api", "Microrabbit.Transfer.Api\Microrabbit.Transfer.Api.csproj", "{FCDF245E-1B81-48FC-915A-B289AE39384D}"
EndProject
Project("{FAE04EC0-301F-11D3-BF4B-00C04F79EFBC}") = "MicroRabbit.Transfer.Application", "MicroRabbit.Transfer.Application\MicroRabbit.Transfer.Application.csproj", "{894E3568-BCC8-4D7D-82C6-4E3E88744588}"
EndProject
Project("{FAE04EC0-301F-11D3-BF4B-00C04F79EFBC}") = "MicroRabbit.Transfer.Data", "MicroRabbit.Transfer.Data\MicroRabbit.Transfer.Data.csproj", "{F179F27A-C516-460A-BB3C-07A2CAFC8864}"
EndProject
Project("{FAE04EC0-301F-11D3-BF4B-00C04F79EFBC}") = "MicroRabbit.Transfer.Domain", "MicroRabbit.Transfer.Domain\MicroRabbit.Transfer.Domain.csproj", "{DF610193-F268-4C5F-80E8-5623E8B1D2A3}"
EndProject
Global
	GlobalSection(SolutionConfigurationPlatforms) = preSolution
		Debug|Any CPU = Debug|Any CPU
		Release|Any CPU = Release|Any CPU
	EndGlobalSection
	GlobalSection(ProjectConfigurationPlatforms) = postSolution
		{023E387E-FEE4-4AAE-AFE0-031BECAEA23F}.Debug|Any CPU.ActiveCfg = Debug|Any CPU
		{023E387E-FEE4-4AAE-AFE0-031BECAEA23F}.Debug|Any CPU.Build.0 = Debug|Any CPU
		{023E387E-FEE4-4AAE-AFE0-031BECAEA23F}.Release|Any CPU.ActiveCfg = Release|Any CPU
		{023E387E-FEE4-4AAE-AFE0-031BECAEA23F}.Release|Any CPU.Build.0 = Release|Any CPU
		{4E288A1B-CE94-42CC-BD2F-FC6D260A27D1}.Debug|Any CPU.ActiveCfg = Debug|Any CPU
		{4E288A1B-CE94-42CC-BD2F-FC6D260A27D1}.Debug|Any CPU.Build.0 = Debug|Any CPU
		{4E288A1B-CE94-42CC-BD2F-FC6D260A27D1}.Release|Any CPU.ActiveCfg = Release|Any CPU
		{4E288A1B-CE94-42CC-BD2F-FC6D260A27D1}.Release|Any CPU.Build.0 = Release|Any CPU
		{158D4D31-5BD9-4D0B-9F82-B1D31C9F45EC}.Debug|Any CPU.ActiveCfg = Debug|Any CPU
		{158D4D31-5BD9-4D0B-9F82-B1D31C9F45EC}.Debug|Any CPU.Build.0 = Debug|Any CPU
		{158D4D31-5BD9-4D0B-9F82-B1D31C9F45EC}.Release|Any CPU.ActiveCfg = Release|Any CPU
		{158D4D31-5BD9-4D0B-9F82-B1D31C9F45EC}.Release|Any CPU.Build.0 = Release|Any CPU
		{B507A2B7-D47F-4492-B526-A12BE2991677}.Debug|Any CPU.ActiveCfg = Debug|Any CPU
		{B507A2B7-D47F-4492-B526-A12BE2991677}.Debug|Any CPU.Build.0 = Debug|Any CPU
		{B507A2B7-D47F-4492-B526-A12BE2991677}.Release|Any CPU.ActiveCfg = Release|Any CPU
		{B507A2B7-D47F-4492-B526-A12BE2991677}.Release|Any CPU.Build.0 = Release|Any CPU
		{A06A35F9-BC83-4D14-ABBC-83214D45FA1C}.Debug|Any CPU.ActiveCfg = Debug|Any CPU
		{A06A35F9-BC83-4D14-ABBC-83214D45FA1C}.Debug|Any CPU.Build.0 = Debug|Any CPU
		{A06A35F9-BC83-4D14-ABBC-83214D45FA1C}.Release|Any CPU.ActiveCfg = Release|Any CPU
		{A06A35F9-BC83-4D14-ABBC-83214D45FA1C}.Release|Any CPU.Build.0 = Release|Any CPU
		{189ADBB7-D9DD-4D5E-B43C-EC49043319C0}.Debug|Any CPU.ActiveCfg = Debug|Any CPU
		{189ADBB7-D9DD-4D5E-B43C-EC49043319C0}.Debug|Any CPU.Build.0 = Debug|Any CPU
		{189ADBB7-D9DD-4D5E-B43C-EC49043319C0}.Release|Any CPU.ActiveCfg = Release|Any CPU
		{189ADBB7-D9DD-4D5E-B43C-EC49043319C0}.Release|Any CPU.Build.0 = Release|Any CPU
		{4365773F-3270-4D0B-8DFB-639CB7D58B24}.Debug|Any CPU.ActiveCfg = Debug|Any CPU
		{4365773F-3270-4D0B-8DFB-639CB7D58B24}.Debug|Any CPU.Build.0 = Debug|Any CPU
		{4365773F-3270-4D0B-8DFB-639CB7D58B24}.Release|Any CPU.ActiveCfg = Release|Any CPU
		{4365773F-3270-4D0B-8DFB-639CB7D58B24}.Release|Any CPU.Build.0 = Release|Any CPU
		{FCDF245E-1B81-48FC-915A-B289AE39384D}.Debug|Any CPU.ActiveCfg = Debug|Any CPU
		{FCDF245E-1B81-48FC-915A-B289AE39384D}.Debug|Any CPU.Build.0 = Debug|Any CPU
		{FCDF245E-1B81-48FC-915A-B289AE39384D}.Release|Any CPU.ActiveCfg = Release|Any CPU
		{FCDF245E-1B81-48FC-915A-B289AE39384D}.Release|Any CPU.Build.0 = Release|Any CPU
		{894E3568-BCC8-4D7D-82C6-4E3E88744588}.Debug|Any CPU.ActiveCfg = Debug|Any CPU
		{894E3568-BCC8-4D7D-82C6-4E3E88744588}.Debug|Any CPU.Build.0 = Debug|Any CPU
		{894E3568-BCC8-4D7D-82C6-4E3E88744588}.Release|Any CPU.ActiveCfg = Release|Any CPU
		{894E3568-BCC8-4D7D-82C6-4E3E88744588}.Release|Any CPU.Build.0 = Release|Any CPU
		{F179F27A-C516-460A-BB3C-07A2CAFC8864}.Debug|Any CPU.ActiveCfg = Debug|Any CPU
		{F179F27A-C516-460A-BB3C-07A2CAFC8864}.Debug|Any CPU.Build.0 = Debug|Any CPU
		{F179F27A-C516-460A-BB3C-07A2CAFC8864}.Release|Any CPU.ActiveCfg = Release|Any CPU
		{F179F27A-C516-460A-BB3C-07A2CAFC8864}.Release|Any CPU.Build.0 = Release|Any CPU
		{DF610193-F268-4C5F-80E8-5623E8B1D2A3}.Debug|Any CPU.ActiveCfg = Debug|Any CPU
		{DF610193-F268-4C5F-80E8-5623E8B1D2A3}.Debug|Any CPU.Build.0 = Debug|Any CPU
		{DF610193-F268-4C5F-80E8-5623E8B1D2A3}.Release|Any CPU.ActiveCfg = Release|Any CPU
		{DF610193-F268-4C5F-80E8-5623E8B1D2A3}.Release|Any CPU.Build.0 = Release|Any CPU
	EndGlobalSection
	GlobalSection(SolutionProperties) = preSolution
		HideSolutionNode = FALSE
	EndGlobalSection
	GlobalSection(NestedProjects) = preSolution
		{023E387E-FEE4-4AAE-AFE0-031BECAEA23F} = {C973FE77-C105-40BB-B47B-1935DA936B6A}
		{4E288A1B-CE94-42CC-BD2F-FC6D260A27D1} = {014C0572-142C-47E8-94BF-82F09B5E1CD5}
		{158D4D31-5BD9-4D0B-9F82-B1D31C9F45EC} = {8A08B66B-3F13-4738-A034-F3F57A881D58}
		{777F9192-EF74-411F-80CF-ABF016BDEAFC} = {34C3CE2F-598A-4DA0-B5E3-9A71C462B6F6}
		{1732659D-7A21-4F22-8AEC-5071C52A4ABA} = {777F9192-EF74-411F-80CF-ABF016BDEAFC}
		{8DAFFD2D-269D-41F1-9A2E-109172A7C612} = {777F9192-EF74-411F-80CF-ABF016BDEAFC}
		{34DE3C43-BECD-4B13-9F24-72DF98959EAF} = {777F9192-EF74-411F-80CF-ABF016BDEAFC}
		{0DE41656-B1B2-451F-AE2F-E9742738EA3B} = {777F9192-EF74-411F-80CF-ABF016BDEAFC}
		{B507A2B7-D47F-4492-B526-A12BE2991677} = {1732659D-7A21-4F22-8AEC-5071C52A4ABA}
		{A06A35F9-BC83-4D14-ABBC-83214D45FA1C} = {34DE3C43-BECD-4B13-9F24-72DF98959EAF}
		{189ADBB7-D9DD-4D5E-B43C-EC49043319C0} = {0DE41656-B1B2-451F-AE2F-E9742738EA3B}
		{4365773F-3270-4D0B-8DFB-639CB7D58B24} = {8DAFFD2D-269D-41F1-9A2E-109172A7C612}
		{C2242149-60EB-4911-9786-C737505B96E5} = {34C3CE2F-598A-4DA0-B5E3-9A71C462B6F6}
		{69F1D854-5BE4-4AD5-A18F-F3D340C8BB31} = {C2242149-60EB-4911-9786-C737505B96E5}
		{26D2DF93-0AC3-4A90-9F3D-FE29C34EB04E} = {C2242149-60EB-4911-9786-C737505B96E5}
		{2C50AA8F-A154-4251-836D-0499E39D0151} = {C2242149-60EB-4911-9786-C737505B96E5}
		{92599D2E-4126-40AB-A750-8175C82778D7} = {C2242149-60EB-4911-9786-C737505B96E5}
		{FCDF245E-1B81-48FC-915A-B289AE39384D} = {69F1D854-5BE4-4AD5-A18F-F3D340C8BB31}
		{894E3568-BCC8-4D7D-82C6-4E3E88744588} = {26D2DF93-0AC3-4A90-9F3D-FE29C34EB04E}
		{F179F27A-C516-460A-BB3C-07A2CAFC8864} = {2C50AA8F-A154-4251-836D-0499E39D0151}
		{DF610193-F268-4C5F-80E8-5623E8B1D2A3} = {92599D2E-4126-40AB-A750-8175C82778D7}
	EndGlobalSection
	GlobalSection(ExtensibilityGlobals) = postSolution
		SolutionGuid = {F453CB30-7918-4C77-9292-92C2F34C5F95}
	EndGlobalSection
EndGlobal
